<?xml version="1.0" encoding="utf-8"?>
<Project ToolsVersion="4.0" xmlns="http://schemas.microsoft.com/developer/msbuild/2003">
  <ItemGroup>
    <Filter Include="Fichiers sources">
      <UniqueIdentifier>{4FC737F1-C7A5-4376-A066-2A32D752A2FF}</UniqueIdentifier>
      <Extensions>cpp;c;cc;cxx;c++;cppm;ixx;def;odl;idl;hpj;bat;asm;asmx</Extensions>
    </Filter>
    <Filter Include="Fichiers d%27en-tête">
      <UniqueIdentifier>{93995380-89BD-4b04-88EB-625FBE52EBFB}</UniqueIdentifier>
      <Extensions>h;hh;hpp;hxx;h++;hm;inl;inc;ipp;xsd</Extensions>
    </Filter>
    <Filter Include="Fichiers de ressources">
      <UniqueIdentifier>{67DA6AB6-F800-4c08-8B7A-83BB121AAD01}</UniqueIdentifier>
      <Extensions>rc;ico;cur;bmp;dlg;rc2;rct;bin;rgs;gif;jpg;jpeg;jpe;resx;tiff;tif;png;wav;mfcribbon-ms</Extensions>
    </Filter>
    <Filter Include="Fichiers sources\Sources">
      <UniqueIdentifier>{35b56f3c-375f-4136-9eec-0a04e468317b}</UniqueIdentifier>
    </Filter>
    <Filter Include="Fichiers sources\Sources\Internal">
      <UniqueIdentifier>{63b78504-1152-421a-b275-4767e73fb27c}</UniqueIdentifier>
    </Filter>
    <Filter Include="Fichiers sources\Sources\Internal\Modules">
      <UniqueIdentifier>{90b80c4e-c22d-4143-89e5-b6667f188e2b}</UniqueIdentifier>
    </Filter>
    <Filter Include="Fichiers sources\Sources\Internal\Modules\Hooks">
      <UniqueIdentifier>{ad4a2d74-16cf-49b9-8434-748d70fea14d}</UniqueIdentifier>
    </Filter>
    <Filter Include="Fichiers sources\Sources\Internal\Classes">
      <UniqueIdentifier>{264119ed-941a-4828-9071-53c6fe967baa}</UniqueIdentifier>
    </Filter>
    <Filter Include="Fichiers sources\Sources\Internal\Classes\Math">
      <UniqueIdentifier>{b31d0e70-d0ba-4867-b415-23ae229bda36}</UniqueIdentifier>
    </Filter>
    <Filter Include="Fichiers sources\Sources\Internal\Cheats">
      <UniqueIdentifier>{5bbb60cf-d2c2-4a1c-a8dc-40d02c9cc3f8}</UniqueIdentifier>
    </Filter>
    <Filter Include="Fichiers sources\Sources\Internal\Cheats\GameClasses">
      <UniqueIdentifier>{2fe23155-c1ec-4f50-b9fc-45704b6fd4c5}</UniqueIdentifier>
    </Filter>
    <Filter Include="Fichiers sources\Sources\Internal\Cheats\AppliedCheats">
      <UniqueIdentifier>{aaabded1-41eb-4919-8297-c1cdf61a078b}</UniqueIdentifier>
    </Filter>
    <Filter Include="Fichiers sources\Sources\Internal\Cheats\AppliedCheats\AntiKB">
      <UniqueIdentifier>{a02c3993-4a66-43b7-bdf1-8b44e429cda2}</UniqueIdentifier>
    </Filter>
    <Filter Include="Fichiers sources\Sources\Internal\Cheats\AppliedCheats\Flyhack">
      <UniqueIdentifier>{e302bb39-23d4-4c85-b8ad-b707f23de782}</UniqueIdentifier>
    </Filter>
    <Filter Include="Fichiers sources\Sources\Internal\Cheats\AppliedCheats\Teleport">
      <UniqueIdentifier>{398d45f4-4562-48ff-b9e0-c20cafc97da1}</UniqueIdentifier>
    </Filter>
    <Filter Include="Fichiers sources\Sources\Internal\Cheats\AppliedHooks">
      <UniqueIdentifier>{c6267e8f-dd4d-423e-8391-68a8ff1b8f81}</UniqueIdentifier>
    </Filter>
    <Filter Include="Fichiers sources\Sources\Internal\Cheats\AppliedHooks\HooksList">
      <UniqueIdentifier>{2f739b18-818f-460b-a523-cc2cba73d635}</UniqueIdentifier>
    </Filter>
    <Filter Include="Fichiers sources\Sources\Internal\Cheats\AppliedCheats\Boost">
      <UniqueIdentifier>{49105e92-8b09-4e16-a890-7b8453daf7f4}</UniqueIdentifier>
    </Filter>
    <Filter Include="Fichiers sources\Sources\Internal\Cheats\AppliedCheats\Wheeling">
      <UniqueIdentifier>{ea877c2b-dd4a-48d6-bada-55388c653ad8}</UniqueIdentifier>
    </Filter>
  </ItemGroup>
  <ItemGroup>
    <ClInclude Include="framework.h">
      <Filter>Fichiers d%27en-tête</Filter>
    </ClInclude>
    <ClInclude Include="pch.h">
      <Filter>Fichiers d%27en-tête</Filter>
    </ClInclude>
    <ClInclude Include="Sources\Internal\Modules\Hooks\Hooks.h">
      <Filter>Fichiers sources\Sources\Internal\Modules\Hooks</Filter>
    </ClInclude>
    <ClInclude Include="Sources\Internal\Includes.h">
      <Filter>Fichiers sources\Sources\Internal</Filter>
    </ClInclude>
    <ClInclude Include="Sources\Internal\Main.h">
      <Filter>Fichiers sources\Sources\Internal</Filter>
    </ClInclude>
    <ClInclude Include="Sources\Internal\Classes\Math\Vector3.h">
      <Filter>Fichiers sources\Sources\Internal\Classes\Math</Filter>
    </ClInclude>
    <ClInclude Include="Sources\Internal\Classes\Math\Vector4.h">
      <Filter>Fichiers sources\Sources\Internal\Classes\Math</Filter>
    </ClInclude>
    <ClInclude Include="Sources\Internal\Classes\Math\Quaternion.h">
      <Filter>Fichiers sources\Sources\Internal\Classes\Math</Filter>
    </ClInclude>
    <ClInclude Include="Sources\Internal\Classes\Math\Vector2.h">
      <Filter>Fichiers sources\Sources\Internal\Classes\Math</Filter>
    </ClInclude>
    <ClInclude Include="Sources\Internal\Cheats\GameClasses\VehicleEntity.h">
      <Filter>Fichiers sources\Sources\Internal\Cheats\GameClasses</Filter>
    </ClInclude>
    <ClInclude Include="Sources\Internal\Cheats\AppliedCheats\Teleport\Teleport.h">
      <Filter>Fichiers sources\Sources\Internal\Cheats\AppliedCheats\Teleport</Filter>
    </ClInclude>
    <ClInclude Include="Sources\Internal\Cheats\AppliedCheats\Flyhack\Flyhack.h">
      <Filter>Fichiers sources\Sources\Internal\Cheats\AppliedCheats\Flyhack</Filter>
    </ClInclude>
    <ClInclude Include="Sources\Internal\Cheats\AppliedCheats\AntiKB\AntiKB.h">
      <Filter>Fichiers sources\Sources\Internal\Cheats\AppliedCheats\AntiKB</Filter>
    </ClInclude>
    <ClInclude Include="Sources\Internal\Cheats\AppliedCheats\CheatsBase.h">
      <Filter>Fichiers sources\Sources\Internal\Cheats\AppliedCheats</Filter>
    </ClInclude>
    <ClInclude Include="Sources\Internal\Cheats\AppliedHooks\AppliedHooksRegistrator.h">
      <Filter>Fichiers sources\Sources\Internal\Cheats\AppliedHooks</Filter>
    </ClInclude>
    <ClInclude Include="Sources\Internal\Cheats\AppliedHooks\HooksList\VehiclesCollector.h">
      <Filter>Fichiers sources\Sources\Internal\Cheats\AppliedHooks\HooksList</Filter>
    </ClInclude>
    <ClInclude Include="Sources\Internal\Cheats\AppliedCheats\Boost\Boost.h">
      <Filter>Fichiers sources\Sources\Internal\Cheats\AppliedCheats\Boost</Filter>
    </ClInclude>
    <ClInclude Include="Sources\Internal\Cheats\AppliedCheats\Wheeling\Wheeling.h">
      <Filter>Fichiers sources\Sources\Internal\Cheats\AppliedCheats\Wheeling</Filter>
    </ClInclude>
  </ItemGroup>
  <ItemGroup>
    <ClCompile Include="dllmain.cpp">
      <Filter>Fichiers sources</Filter>
    </ClCompile>
    <ClCompile Include="pch.cpp">
      <Filter>Fichiers sources</Filter>
    </ClCompile>
    <ClCompile Include="Sources\Internal\Modules\Hooks\Hooks.cpp">
      <Filter>Fichiers sources\Sources\Internal\Modules\Hooks</Filter>
    </ClCompile>
    <ClCompile Include="Sources\Internal\Main.cpp">
      <Filter>Fichiers sources\Sources\Internal</Filter>
    </ClCompile>
    <ClCompile Include="Sources\Internal\Classes\Math\Vector3.cpp">
      <Filter>Fichiers sources\Sources\Internal\Classes\Math</Filter>
    </ClCompile>
    <ClCompile Include="Sources\Internal\Classes\Math\Vector4.cpp">
      <Filter>Fichiers sources\Sources\Internal\Classes\Math</Filter>
    </ClCompile>
    <ClCompile Include="Sources\Internal\Classes\Math\Quaternion.cpp">
      <Filter>Fichiers sources\Sources\Internal\Classes\Math</Filter>
    </ClCompile>
    <ClCompile Include="Sources\Internal\Classes\Math\Vector2.cpp">
      <Filter>Fichiers sources\Sources\Internal\Classes\Math</Filter>
    </ClCompile>
    <ClCompile Include="Sources\Internal\Cheats\GameClasses\VehicleEntity.cpp">
      <Filter>Fichiers sources\Sources\Internal\Cheats\GameClasses</Filter>
    </ClCompile>
    <ClCompile Include="Sources\Internal\Cheats\AppliedCheats\Teleport\Teleport.cpp">
      <Filter>Fichiers sources\Sources\Internal\Cheats\AppliedCheats\Teleport</Filter>
    </ClCompile>
    <ClCompile Include="Sources\Internal\Cheats\AppliedCheats\Flyhack\Flyhack.cpp">
      <Filter>Fichiers sources\Sources\Internal\Cheats\AppliedCheats\Flyhack</Filter>
    </ClCompile>
    <ClCompile Include="Sources\Internal\Cheats\AppliedCheats\AntiKB\AntiKB.cpp">
      <Filter>Fichiers sources\Sources\Internal\Cheats\AppliedCheats\AntiKB</Filter>
    </ClCompile>
    <ClCompile Include="Sources\Internal\Cheats\AppliedCheats\CheatsBase.cpp">
      <Filter>Fichiers sources\Sources\Internal\Cheats\AppliedCheats</Filter>
    </ClCompile>
    <ClCompile Include="Sources\Internal\Cheats\AppliedHooks\AppliedHooksRegistrator.cpp">
      <Filter>Fichiers sources\Sources\Internal\Cheats\AppliedHooks</Filter>
    </ClCompile>
    <ClCompile Include="Sources\Internal\Cheats\AppliedHooks\HooksList\VehiclesCollector.cpp">
      <Filter>Fichiers sources\Sources\Internal\Cheats\AppliedHooks\HooksList</Filter>
    </ClCompile>
    <ClCompile Include="Sources\Internal\Cheats\AppliedCheats\Boost\Boost.cpp">
      <Filter>Fichiers sources\Sources\Internal\Cheats\AppliedCheats\Boost</Filter>
    </ClCompile>
    <ClCompile Include="Sources\Internal\Cheats\AppliedCheats\Wheeling\Wheeling.cpp">
      <Filter>Fichiers sources\Sources\Internal\Cheats\AppliedCheats\Wheeling</Filter>
    </ClCompile>
  </ItemGroup>
</Project>