<?xml version="1.0" encoding="utf-8"?>
<Project ToolsVersion="4.0" xmlns="http://schemas.microsoft.com/developer/msbuild/2003">
  <ItemGroup>
    <Filter Include="Fichiers sources">
      <UniqueIdentifier>{4FC737F1-C7A5-4376-A066-2A32D752A2FF}</UniqueIdentifier>
      <Extensions>cpp;c;cc;cxx;c++;cppm;ixx;def;odl;idl;hpj;bat;asm;asmx</Extensions>
    </Filter>
    <Filter Include="Fichiers d%27en-tête">
      <UniqueIdentifier>{93995380-89BD-4b04-88EB-625FBE52EBFB}</UniqueIdentifier>
      <Extensions>h;hh;hpp;hxx;h++;hm;inl;inc;ipp;xsd</Extensions>
    </Filter>
    <Filter Include="Fichiers de ressources">
      <UniqueIdentifier>{67DA6AB6-F800-4c08-8B7A-83BB121AAD01}</UniqueIdentifier>
      <Extensions>rc;ico;cur;bmp;dlg;rc2;rct;bin;rgs;gif;jpg;jpeg;jpe;resx;tiff;tif;png;wav;mfcribbon-ms</Extensions>
    </Filter>
    <Filter Include="Fichiers sources\Sources">
      <UniqueIdentifier>{35b56f3c-375f-4136-9eec-0a04e468317b}</UniqueIdentifier>
    </Filter>
    <Filter Include="Fichiers sources\Sources\Internal">
      <UniqueIdentifier>{63b78504-1152-421a-b275-4767e73fb27c}</UniqueIdentifier>
    </Filter>
    <Filter Include="Fichiers sources\Sources\Internal\Hacks">
      <UniqueIdentifier>{5bbb60cf-d2c2-4a1c-a8dc-40d02c9cc3f8}</UniqueIdentifier>
    </Filter>
    <Filter Include="Fichiers sources\Sources\Internal\Modules">
      <UniqueIdentifier>{90b80c4e-c22d-4143-89e5-b6667f188e2b}</UniqueIdentifier>
    </Filter>
    <Filter Include="Fichiers sources\Sources\Internal\Modules\Hooks">
      <UniqueIdentifier>{ad4a2d74-16cf-49b9-8434-748d70fea14d}</UniqueIdentifier>
    </Filter>
    <Filter Include="Fichiers sources\Sources\Internal\Hacks\Flyhack">
      <UniqueIdentifier>{273e6bc4-d146-4277-9907-870ef1263cbd}</UniqueIdentifier>
    </Filter>
    <Filter Include="Fichiers sources\Sources\Internal\AppliedHooks">
      <UniqueIdentifier>{8bac1ee0-3a08-48d5-8166-905d952e6d58}</UniqueIdentifier>
    </Filter>
    <Filter Include="Fichiers sources\Sources\Internal\AppliedHooks\HooksList">
      <UniqueIdentifier>{572031aa-bcdf-437a-bf20-5d102c19d86a}</UniqueIdentifier>
    </Filter>
    <Filter Include="Fichiers sources\Sources\Internal\Classes">
      <UniqueIdentifier>{264119ed-941a-4828-9071-53c6fe967baa}</UniqueIdentifier>
    </Filter>
    <Filter Include="Fichiers sources\Sources\Internal\Classes\Math">
      <UniqueIdentifier>{b31d0e70-d0ba-4867-b415-23ae229bda36}</UniqueIdentifier>
    </Filter>
  </ItemGroup>
  <ItemGroup>
    <ClInclude Include="framework.h">
      <Filter>Fichiers d%27en-tête</Filter>
    </ClInclude>
    <ClInclude Include="pch.h">
      <Filter>Fichiers d%27en-tête</Filter>
    </ClInclude>
    <ClInclude Include="Sources\Internal\Modules\Hooks\Hooks.h">
      <Filter>Fichiers sources\Sources\Internal\Modules\Hooks</Filter>
    </ClInclude>
    <ClInclude Include="Sources\Internal\Hacks\Flyhack\Flyhack.h">
      <Filter>Fichiers sources\Sources\Internal\Hacks\Flyhack</Filter>
    </ClInclude>
    <ClInclude Include="Sources\Internal\Includes.h">
      <Filter>Fichiers sources\Sources\Internal</Filter>
    </ClInclude>
    <ClInclude Include="Sources\Internal\Main.h">
      <Filter>Fichiers sources\Sources\Internal</Filter>
    </ClInclude>
    <ClInclude Include="Sources\Internal\AppliedHooks\HooksList\VehiclesCollector.h">
      <Filter>Fichiers sources\Sources\Internal\AppliedHooks\HooksList</Filter>
    </ClInclude>
    <ClInclude Include="Sources\Internal\AppliedHooks\AppliedHooksRegistrator.h">
      <Filter>Fichiers sources\Sources\Internal\AppliedHooks</Filter>
    </ClInclude>
    <ClInclude Include="Sources\Internal\Classes\Math\Vector3.h">
      <Filter>Fichiers sources\Sources\Internal\Classes\Math</Filter>
    </ClInclude>
  </ItemGroup>
  <ItemGroup>
    <ClCompile Include="dllmain.cpp">
      <Filter>Fichiers sources</Filter>
    </ClCompile>
    <ClCompile Include="pch.cpp">
      <Filter>Fichiers sources</Filter>
    </ClCompile>
    <ClCompile Include="Sources\Internal\Modules\Hooks\Hooks.cpp">
      <Filter>Fichiers sources\Sources\Internal\Modules\Hooks</Filter>
    </ClCompile>
    <ClCompile Include="Sources\Internal\Hacks\Flyhack\Flyhack.cpp">
      <Filter>Fichiers sources\Sources\Internal\Hacks\Flyhack</Filter>
    </ClCompile>
    <ClCompile Include="Sources\Internal\Main.cpp">
      <Filter>Fichiers sources\Sources\Internal</Filter>
    </ClCompile>
    <ClCompile Include="Sources\Internal\AppliedHooks\HooksList\VehiclesCollector.cpp">
      <Filter>Fichiers sources\Sources\Internal\AppliedHooks\HooksList</Filter>
    </ClCompile>
    <ClCompile Include="Sources\Internal\AppliedHooks\AppliedHooksRegistrator.cpp">
      <Filter>Fichiers sources\Sources\Internal\AppliedHooks</Filter>
    </ClCompile>
    <ClCompile Include="Sources\Internal\Classes\Math\Vector3.cpp">
      <Filter>Fichiers sources\Sources\Internal\Classes\Math</Filter>
    </ClCompile>
  </ItemGroup>
</Project>